
Microsoft Visual Studio Solution File, Format Version 12.00
# Visual Studio 15
VisualStudioVersion = 15.0.28307.136
MinimumVisualStudioVersion = 10.0.40219.1
Project("{FAE04EC0-301F-11D3-BF4B-00C04F79EFBC}") = "WebUpload", "WebUpload\WebUpload.csproj", "{D5F6377E-CD42-475B-9C19-880735C7F892}"
EndProject
Global
	GlobalSection(SolutionConfigurationPlatforms) = preSolution
		Debug|Any CPU = Debug|Any CPU
		Release|Any CPU = Release|Any CPU
	EndGlobalSection
	GlobalSection(ProjectConfigurationPlatforms) = postSolution
		{D5F6377E-CD42-475B-9C19-880735C7F892}.Debug|Any CPU.ActiveCfg = Debug|Any CPU
		{D5F6377E-CD42-475B-9C19-880735C7F892}.Debug|Any CPU.Build.0 = Debug|Any CPU
		{D5F6377E-CD42-475B-9C19-880735C7F892}.Release|Any CPU.ActiveCfg = Release|Any CPU
		{D5F6377E-CD42-475B-9C19-880735C7F892}.Release|Any CPU.Build.0 = Release|Any CPU
	EndGlobalSection
	GlobalSection(SolutionProperties) = preSolution
		HideSolutionNode = FALSE
	EndGlobalSection
	GlobalSection(ExtensibilityGlobals) = postSolution
		SolutionGuid = {959A9CE3-F34F-462C-A0AA-C9B883622225}
	EndGlobalSection
EndGlobal
